// !$*UTF8*$!
{
	archiveVersion = 1;
	classes = {
	};
	objectVersion = 55;
	objects = {

/* Begin PBXBuildFile section */
		8276EF39280C250B00617432 /* Charts in Frameworks */ = {isa = PBXBuildFile; productRef = 8276EF38280C250B00617432 /* Charts */; };
		827D2FB5280B33F7002128E4 /* SessionsView.swift in Sources */ = {isa = PBXBuildFile; fileRef = 827D2FB4280B33F7002128E4 /* SessionsView.swift */; };
		827D2FB7280B3B91002128E4 /* Session.swift in Sources */ = {isa = PBXBuildFile; fileRef = 827D2FB6280B3B91002128E4 /* Session.swift */; };
		827D2FBB280B3CF3002128E4 /* TenderViewModel.swift in Sources */ = {isa = PBXBuildFile; fileRef = 827D2FBA280B3CF3002128E4 /* TenderViewModel.swift */; };
		827D2FBD280B5983002128E4 /* BidOffer.swift in Sources */ = {isa = PBXBuildFile; fileRef = 827D2FBC280B5983002128E4 /* BidOffer.swift */; };
		827D2FBF280B6746002128E4 /* OffersChart.swift in Sources */ = {isa = PBXBuildFile; fileRef = 827D2FBE280B6746002128E4 /* OffersChart.swift */; };
		827D2FC1280B6868002128E4 /* Offer.swift in Sources */ = {isa = PBXBuildFile; fileRef = 827D2FC0280B6868002128E4 /* Offer.swift */; };
		82F6D812280ADEE60093C756 /* Tender_AppApp.swift in Sources */ = {isa = PBXBuildFile; fileRef = 82F6D811280ADEE60093C756 /* Tender_AppApp.swift */; };
		82F6D814280ADEE60093C756 /* SessionView.swift in Sources */ = {isa = PBXBuildFile; fileRef = 82F6D813280ADEE60093C756 /* SessionView.swift */; };
		82F6D816280ADEE70093C756 /* Assets.xcassets in Resources */ = {isa = PBXBuildFile; fileRef = 82F6D815280ADEE70093C756 /* Assets.xcassets */; };
		82F6D819280ADEE70093C756 /* Preview Assets.xcassets in Resources */ = {isa = PBXBuildFile; fileRef = 82F6D818280ADEE70093C756 /* Preview Assets.xcassets */; };
		82F6D86D280B08660093C756 /* LoginView.swift in Sources */ = {isa = PBXBuildFile; fileRef = 82F6D86C280B08660093C756 /* LoginView.swift */; };
		82F6D86F280B0D830093C756 /* WaveShape.swift in Sources */ = {isa = PBXBuildFile; fileRef = 82F6D86E280B0D830093C756 /* WaveShape.swift */; };
/* End PBXBuildFile section */

/* Begin PBXFileReference section */
		827D2FB4280B33F7002128E4 /* SessionsView.swift */ = {isa = PBXFileReference; lastKnownFileType = sourcecode.swift; path = SessionsView.swift; sourceTree = "<group>"; };
		827D2FB6280B3B91002128E4 /* Session.swift */ = {isa = PBXFileReference; lastKnownFileType = sourcecode.swift; path = Session.swift; sourceTree = "<group>"; };
		827D2FBA280B3CF3002128E4 /* TenderViewModel.swift */ = {isa = PBXFileReference; lastKnownFileType = sourcecode.swift; path = TenderViewModel.swift; sourceTree = "<group>"; };
		827D2FBC280B5983002128E4 /* BidOffer.swift */ = {isa = PBXFileReference; lastKnownFileType = sourcecode.swift; path = BidOffer.swift; sourceTree = "<group>"; };
		827D2FBE280B6746002128E4 /* OffersChart.swift */ = {isa = PBXFileReference; lastKnownFileType = sourcecode.swift; path = OffersChart.swift; sourceTree = "<group>"; };
		827D2FC0280B6868002128E4 /* Offer.swift */ = {isa = PBXFileReference; lastKnownFileType = sourcecode.swift; path = Offer.swift; sourceTree = "<group>"; };
		82F6D80E280ADEE60093C756 /* Tender App.app */ = {isa = PBXFileReference; explicitFileType = wrapper.application; includeInIndex = 0; path = "Tender App.app"; sourceTree = BUILT_PRODUCTS_DIR; };
		82F6D811280ADEE60093C756 /* Tender_AppApp.swift */ = {isa = PBXFileReference; lastKnownFileType = sourcecode.swift; path = Tender_AppApp.swift; sourceTree = "<group>"; };
		82F6D813280ADEE60093C756 /* SessionView.swift */ = {isa = PBXFileReference; lastKnownFileType = sourcecode.swift; path = SessionView.swift; sourceTree = "<group>"; };
		82F6D815280ADEE70093C756 /* Assets.xcassets */ = {isa = PBXFileReference; lastKnownFileType = folder.assetcatalog; path = Assets.xcassets; sourceTree = "<group>"; };
		82F6D818280ADEE70093C756 /* Preview Assets.xcassets */ = {isa = PBXFileReference; lastKnownFileType = folder.assetcatalog; path = "Preview Assets.xcassets"; sourceTree = "<group>"; };
		82F6D86C280B08660093C756 /* LoginView.swift */ = {isa = PBXFileReference; lastKnownFileType = sourcecode.swift; path = LoginView.swift; sourceTree = "<group>"; };
		82F6D86E280B0D830093C756 /* WaveShape.swift */ = {isa = PBXFileReference; lastKnownFileType = sourcecode.swift; path = WaveShape.swift; sourceTree = "<group>"; };
/* End PBXFileReference section */

/* Begin PBXFrameworksBuildPhase section */
		82F6D80B280ADEE60093C756 /* Frameworks */ = {
			isa = PBXFrameworksBuildPhase;
			buildActionMask = 2147483647;
			files = (
				8276EF39280C250B00617432 /* Charts in Frameworks */,
			);
			runOnlyForDeploymentPostprocessing = 0;
		};
/* End PBXFrameworksBuildPhase section */

/* Begin PBXGroup section */
		827D2FB8280B3B99002128E4 /* Model */ = {
			isa = PBXGroup;
			children = (
				827D2FB6280B3B91002128E4 /* Session.swift */,
				827D2FBC280B5983002128E4 /* BidOffer.swift */,
				827D2FC0280B6868002128E4 /* Offer.swift */,
			);
			path = Model;
			sourceTree = "<group>";
		};
		827D2FB9280B3CE5002128E4 /* ViewModel */ = {
			isa = PBXGroup;
			children = (
				827D2FBA280B3CF3002128E4 /* TenderViewModel.swift */,
			);
			path = ViewModel;
			sourceTree = "<group>";
		};
		82F6D805280ADEE60093C756 = {
			isa = PBXGroup;
			children = (
				82F6D810280ADEE60093C756 /* Tender App */,
				82F6D80F280ADEE60093C756 /* Products */,
			);
			sourceTree = "<group>";
		};
		82F6D80F280ADEE60093C756 /* Products */ = {
			isa = PBXGroup;
			children = (
				82F6D80E280ADEE60093C756 /* Tender App.app */,
			);
			name = Products;
			sourceTree = "<group>";
		};
		82F6D810280ADEE60093C756 /* Tender App */ = {
			isa = PBXGroup;
			children = (
				82F6D811280ADEE60093C756 /* Tender_AppApp.swift */,
				82F6D870280B330C0093C756 /* Views */,
				827D2FB9280B3CE5002128E4 /* ViewModel */,
				827D2FB8280B3B99002128E4 /* Model */,
				82F6D815280ADEE70093C756 /* Assets.xcassets */,
				82F6D817280ADEE70093C756 /* Preview Content */,
			);
			path = "Tender App";
			sourceTree = "<group>";
		};
		82F6D817280ADEE70093C756 /* Preview Content */ = {
			isa = PBXGroup;
			children = (
				82F6D818280ADEE70093C756 /* Preview Assets.xcassets */,
			);
			path = "Preview Content";
			sourceTree = "<group>";
		};
		82F6D870280B330C0093C756 /* Views */ = {
			isa = PBXGroup;
			children = (
				82F6D86C280B08660093C756 /* LoginView.swift */,
				827D2FB4280B33F7002128E4 /* SessionsView.swift */,
				82F6D813280ADEE60093C756 /* SessionView.swift */,
				82F6D871280B331A0093C756 /* Helpers */,
			);
			path = Views;
			sourceTree = "<group>";
		};
		82F6D871280B331A0093C756 /* Helpers */ = {
			isa = PBXGroup;
			children = (
				82F6D86E280B0D830093C756 /* WaveShape.swift */,
				827D2FBE280B6746002128E4 /* OffersChart.swift */,
			);
			path = Helpers;
			sourceTree = "<group>";
		};
/* End PBXGroup section */

/* Begin PBXNativeTarget section */
		82F6D80D280ADEE60093C756 /* Tender App */ = {
			isa = PBXNativeTarget;
			buildConfigurationList = 82F6D81C280ADEE70093C756 /* Build configuration list for PBXNativeTarget "Tender App" */;
			buildPhases = (
				82F6D80A280ADEE60093C756 /* Sources */,
				82F6D80B280ADEE60093C756 /* Frameworks */,
				82F6D80C280ADEE60093C756 /* Resources */,
			);
			buildRules = (
			);
			dependencies = (
			);
			name = "Tender App";
			packageProductDependencies = (
				8276EF38280C250B00617432 /* Charts */,
			);
			productName = "Tender App";
			productReference = 82F6D80E280ADEE60093C756 /* Tender App.app */;
			productType = "com.apple.product-type.application";
		};
/* End PBXNativeTarget section */

/* Begin PBXProject section */
		82F6D806280ADEE60093C756 /* Project object */ = {
			isa = PBXProject;
			attributes = {
				BuildIndependentTargetsInParallel = 1;
				LastSwiftUpdateCheck = 1330;
				LastUpgradeCheck = 1330;
				TargetAttributes = {
					82F6D80D280ADEE60093C756 = {
						CreatedOnToolsVersion = 13.3.1;
					};
				};
			};
			buildConfigurationList = 82F6D809280ADEE60093C756 /* Build configuration list for PBXProject "Tender App" */;
			compatibilityVersion = "Xcode 13.0";
			developmentRegion = en;
			hasScannedForEncodings = 0;
			knownRegions = (
				en,
				Base,
			);
			mainGroup = 82F6D805280ADEE60093C756;
			packageReferences = (
				8276EF37280C250B00617432 /* XCRemoteSwiftPackageReference "Charts" */,
			);
			productRefGroup = 82F6D80F280ADEE60093C756 /* Products */;
			projectDirPath = "";
			projectRoot = "";
			targets = (
				82F6D80D280ADEE60093C756 /* Tender App */,
			);
		};
/* End PBXProject section */

/* Begin PBXResourcesBuildPhase section */
		82F6D80C280ADEE60093C756 /* Resources */ = {
			isa = PBXResourcesBuildPhase;
			buildActionMask = 2147483647;
			files = (
				82F6D819280ADEE70093C756 /* Preview Assets.xcassets in Resources */,
				82F6D816280ADEE70093C756 /* Assets.xcassets in Resources */,
			);
			runOnlyForDeploymentPostprocessing = 0;
		};
/* End PBXResourcesBuildPhase section */

/* Begin PBXSourcesBuildPhase section */
		82F6D80A280ADEE60093C756 /* Sources */ = {
			isa = PBXSourcesBuildPhase;
			buildActionMask = 2147483647;
			files = (
				827D2FBD280B5983002128E4 /* BidOffer.swift in Sources */,
				827D2FB5280B33F7002128E4 /* SessionsView.swift in Sources */,
				82F6D86D280B08660093C756 /* LoginView.swift in Sources */,
				827D2FB7280B3B91002128E4 /* Session.swift in Sources */,
				827D2FC1280B6868002128E4 /* Offer.swift in Sources */,
				82F6D86F280B0D830093C756 /* WaveShape.swift in Sources */,
				827D2FBF280B6746002128E4 /* OffersChart.swift in Sources */,
				82F6D814280ADEE60093C756 /* SessionView.swift in Sources */,
				827D2FBB280B3CF3002128E4 /* TenderViewModel.swift in Sources */,
				82F6D812280ADEE60093C756 /* Tender_AppApp.swift in Sources */,
			);
			runOnlyForDeploymentPostprocessing = 0;
		};
/* End PBXSourcesBuildPhase section */

/* Begin XCBuildConfiguration section */
		82F6D81A280ADEE70093C756 /* Debug */ = {
			isa = XCBuildConfiguration;
			buildSettings = {
				ALWAYS_SEARCH_USER_PATHS = NO;
				CLANG_ANALYZER_NONNULL = YES;
				CLANG_ANALYZER_NUMBER_OBJECT_CONVERSION = YES_AGGRESSIVE;
				CLANG_CXX_LANGUAGE_STANDARD = "gnu++17";
				CLANG_ENABLE_MODULES = YES;
				CLANG_ENABLE_OBJC_ARC = YES;
				CLANG_ENABLE_OBJC_WEAK = YES;
				CLANG_WARN_BLOCK_CAPTURE_AUTORELEASING = YES;
				CLANG_WARN_BOOL_CONVERSION = YES;
				CLANG_WARN_COMMA = YES;
				CLANG_WARN_CONSTANT_CONVERSION = YES;
				CLANG_WARN_DEPRECATED_OBJC_IMPLEMENTATIONS = YES;
				CLANG_WARN_DIRECT_OBJC_ISA_USAGE = YES_ERROR;
				CLANG_WARN_DOCUMENTATION_COMMENTS = YES;
				CLANG_WARN_EMPTY_BODY = YES;
				CLANG_WARN_ENUM_CONVERSION = YES;
				CLANG_WARN_INFINITE_RECURSION = YES;
				CLANG_WARN_INT_CONVERSION = YES;
				CLANG_WARN_NON_LITERAL_NULL_CONVERSION = YES;
				CLANG_WARN_OBJC_IMPLICIT_RETAIN_SELF = YES;
				CLANG_WARN_OBJC_LITERAL_CONVERSION = YES;
				CLANG_WARN_OBJC_ROOT_CLASS = YES_ERROR;
				CLANG_WARN_QUOTED_INCLUDE_IN_FRAMEWORK_HEADER = YES;
				CLANG_WARN_RANGE_LOOP_ANALYSIS = YES;
				CLANG_WARN_STRICT_PROTOTYPES = YES;
				CLANG_WARN_SUSPICIOUS_MOVE = YES;
				CLANG_WARN_UNGUARDED_AVAILABILITY = YES_AGGRESSIVE;
				CLANG_WARN_UNREACHABLE_CODE = YES;
				CLANG_WARN__DUPLICATE_METHOD_MATCH = YES;
				COPY_PHASE_STRIP = NO;
				DEBUG_INFORMATION_FORMAT = dwarf;
				ENABLE_STRICT_OBJC_MSGSEND = YES;
				ENABLE_TESTABILITY = YES;
				GCC_C_LANGUAGE_STANDARD = gnu11;
				GCC_DYNAMIC_NO_PIC = NO;
				GCC_NO_COMMON_BLOCKS = YES;
				GCC_OPTIMIZATION_LEVEL = 0;
				GCC_PREPROCESSOR_DEFINITIONS = (
					"DEBUG=1",
					"$(inherited)",
				);
				GCC_WARN_64_TO_32_BIT_CONVERSION = YES;
				GCC_WARN_ABOUT_RETURN_TYPE = YES_ERROR;
				GCC_WARN_UNDECLARED_SELECTOR = YES;
				GCC_WARN_UNINITIALIZED_AUTOS = YES_AGGRESSIVE;
				GCC_WARN_UNUSED_FUNCTION = YES;
				GCC_WARN_UNUSED_VARIABLE = YES;
				IPHONEOS_DEPLOYMENT_TARGET = 15.4;
				MTL_ENABLE_DEBUG_INFO = INCLUDE_SOURCE;
				MTL_FAST_MATH = YES;
				ONLY_ACTIVE_ARCH = YES;
				SDKROOT = iphoneos;
				SWIFT_ACTIVE_COMPILATION_CONDITIONS = DEBUG;
				SWIFT_OPTIMIZATION_LEVEL = "-Onone";
			};
			name = Debug;
		};
		82F6D81B280ADEE70093C756 /* Release */ = {
			isa = XCBuildConfiguration;
			buildSettings = {
				ALWAYS_SEARCH_USER_PATHS = NO;
				CLANG_ANALYZER_NONNULL = YES;
				CLANG_ANALYZER_NUMBER_OBJECT_CONVERSION = YES_AGGRESSIVE;
				CLANG_CXX_LANGUAGE_STANDARD = "gnu++17";
				CLANG_ENABLE_MODULES = YES;
				CLANG_ENABLE_OBJC_ARC = YES;
				CLANG_ENABLE_OBJC_WEAK = YES;
				CLANG_WARN_BLOCK_CAPTURE_AUTORELEASING = YES;
				CLANG_WARN_BOOL_CONVERSION = YES;
				CLANG_WARN_COMMA = YES;
				CLANG_WARN_CONSTANT_CONVERSION = YES;
				CLANG_WARN_DEPRECATED_OBJC_IMPLEMENTATIONS = YES;
				CLANG_WARN_DIRECT_OBJC_ISA_USAGE = YES_ERROR;
				CLANG_WARN_DOCUMENTATION_COMMENTS = YES;
				CLANG_WARN_EMPTY_BODY = YES;
				CLANG_WARN_ENUM_CONVERSION = YES;
				CLANG_WARN_INFINITE_RECURSION = YES;
				CLANG_WARN_INT_CONVERSION = YES;
				CLANG_WARN_NON_LITERAL_NULL_CONVERSION = YES;
				CLANG_WARN_OBJC_IMPLICIT_RETAIN_SELF = YES;
				CLANG_WARN_OBJC_LITERAL_CONVERSION = YES;
				CLANG_WARN_OBJC_ROOT_CLASS = YES_ERROR;
				CLANG_WARN_QUOTED_INCLUDE_IN_FRAMEWORK_HEADER = YES;
				CLANG_WARN_RANGE_LOOP_ANALYSIS = YES;
				CLANG_WARN_STRICT_PROTOTYPES = YES;
				CLANG_WARN_SUSPICIOUS_MOVE = YES;
				CLANG_WARN_UNGUARDED_AVAILABILITY = YES_AGGRESSIVE;
				CLANG_WARN_UNREACHABLE_CODE = YES;
				CLANG_WARN__DUPLICATE_METHOD_MATCH = YES;
				COPY_PHASE_STRIP = NO;
				DEBUG_INFORMATION_FORMAT = "dwarf-with-dsym";
				ENABLE_NS_ASSERTIONS = NO;
				ENABLE_STRICT_OBJC_MSGSEND = YES;
				GCC_C_LANGUAGE_STANDARD = gnu11;
				GCC_NO_COMMON_BLOCKS = YES;
				GCC_WARN_64_TO_32_BIT_CONVERSION = YES;
				GCC_WARN_ABOUT_RETURN_TYPE = YES_ERROR;
				GCC_WARN_UNDECLARED_SELECTOR = YES;
				GCC_WARN_UNINITIALIZED_AUTOS = YES_AGGRESSIVE;
				GCC_WARN_UNUSED_FUNCTION = YES;
				GCC_WARN_UNUSED_VARIABLE = YES;
				IPHONEOS_DEPLOYMENT_TARGET = 15.4;
				MTL_ENABLE_DEBUG_INFO = NO;
				MTL_FAST_MATH = YES;
				SDKROOT = iphoneos;
				SWIFT_COMPILATION_MODE = wholemodule;
				SWIFT_OPTIMIZATION_LEVEL = "-O";
				VALIDATE_PRODUCT = YES;
			};
			name = Release;
		};
		82F6D81D280ADEE70093C756 /* Debug */ = {
			isa = XCBuildConfiguration;
			buildSettings = {
				ASSETCATALOG_COMPILER_APPICON_NAME = AppIcon;
				ASSETCATALOG_COMPILER_GLOBAL_ACCENT_COLOR_NAME = AccentColor;
				CODE_SIGN_STYLE = Automatic;
				CURRENT_PROJECT_VERSION = 1;
				DEVELOPMENT_ASSET_PATHS = "\"Tender App/Preview Content\"";
				DEVELOPMENT_TEAM = 3868R87QJX;
				ENABLE_PREVIEWS = YES;
				GENERATE_INFOPLIST_FILE = YES;
				INFOPLIST_KEY_UIApplicationSceneManifest_Generation = YES;
				INFOPLIST_KEY_UIApplicationSupportsIndirectInputEvents = YES;
				INFOPLIST_KEY_UILaunchScreen_Generation = YES;
				INFOPLIST_KEY_UISupportedInterfaceOrientations_iPad = "UIInterfaceOrientationPortrait UIInterfaceOrientationPortraitUpsideDown UIInterfaceOrientationLandscapeLeft UIInterfaceOrientationLandscapeRight";
				INFOPLIST_KEY_UISupportedInterfaceOrientations_iPhone = "UIInterfaceOrientationPortrait UIInterfaceOrientationLandscapeLeft UIInterfaceOrientationLandscapeRight";
				LD_RUNPATH_SEARCH_PATHS = (
					"$(inherited)",
					"@executable_path/Frameworks",
				);
				MARKETING_VERSION = 1.0;
				PRODUCT_BUNDLE_IDENTIFIER = "com.romanrakhlin.Tender-App";
				PRODUCT_NAME = "$(TARGET_NAME)";
				SWIFT_EMIT_LOC_STRINGS = YES;
				SWIFT_VERSION = 5.0;
				TARGETED_DEVICE_FAMILY = "1,2";
			};
			name = Debug;
		};
		82F6D81E280ADEE70093C756 /* Release */ = {
			isa = XCBuildConfiguration;
			buildSettings = {
				ASSETCATALOG_COMPILER_APPICON_NAME = AppIcon;
				ASSETCATALOG_COMPILER_GLOBAL_ACCENT_COLOR_NAME = AccentColor;
				CODE_SIGN_STYLE = Automatic;
				CURRENT_PROJECT_VERSION = 1;
				DEVELOPMENT_ASSET_PATHS = "\"Tender App/Preview Content\"";
				DEVELOPMENT_TEAM = 3868R87QJX;
				ENABLE_PREVIEWS = YES;
				GENERATE_INFOPLIST_FILE = YES;
				INFOPLIST_KEY_UIApplicationSceneManifest_Generation = YES;
				INFOPLIST_KEY_UIApplicationSupportsIndirectInputEvents = YES;
				INFOPLIST_KEY_UILaunchScreen_Generation = YES;
				INFOPLIST_KEY_UISupportedInterfaceOrientations_iPad = "UIInterfaceOrientationPortrait UIInterfaceOrientationPortraitUpsideDown UIInterfaceOrientationLandscapeLeft UIInterfaceOrientationLandscapeRight";
				INFOPLIST_KEY_UISupportedInterfaceOrientations_iPhone = "UIInterfaceOrientationPortrait UIInterfaceOrientationLandscapeLeft UIInterfaceOrientationLandscapeRight";
				LD_RUNPATH_SEARCH_PATHS = (
					"$(inherited)",
					"@executable_path/Frameworks",
				);
				MARKETING_VERSION = 1.0;
				PRODUCT_BUNDLE_IDENTIFIER = "com.romanrakhlin.Tender-App";
				PRODUCT_NAME = "$(TARGET_NAME)";
				SWIFT_EMIT_LOC_STRINGS = YES;
				SWIFT_VERSION = 5.0;
				TARGETED_DEVICE_FAMILY = "1,2";
			};
			name = Release;
		};
/* End XCBuildConfiguration section */

/* Begin XCConfigurationList section */
		82F6D809280ADEE60093C756 /* Build configuration list for PBXProject "Tender App" */ = {
			isa = XCConfigurationList;
			buildConfigurations = (
				82F6D81A280ADEE70093C756 /* Debug */,
				82F6D81B280ADEE70093C756 /* Release */,
			);
			defaultConfigurationIsVisible = 0;
			defaultConfigurationName = Release;
		};
		82F6D81C280ADEE70093C756 /* Build configuration list for PBXNativeTarget "Tender App" */ = {
			isa = XCConfigurationList;
			buildConfigurations = (
				82F6D81D280ADEE70093C756 /* Debug */,
				82F6D81E280ADEE70093C756 /* Release */,
			);
			defaultConfigurationIsVisible = 0;
			defaultConfigurationName = Release;
		};
/* End XCConfigurationList section */

/* Begin XCRemoteSwiftPackageReference section */
		8276EF37280C250B00617432 /* XCRemoteSwiftPackageReference "Charts" */ = {
			isa = XCRemoteSwiftPackageReference;
			repositoryURL = "https://github.com/danielgindi/Charts";
			requirement = {
				kind = upToNextMajorVersion;
				minimumVersion = 3.0.0;
			};
		};
/* End XCRemoteSwiftPackageReference section */

/* Begin XCSwiftPackageProductDependency section */
		8276EF38280C250B00617432 /* Charts */ = {
			isa = XCSwiftPackageProductDependency;
			package = 8276EF37280C250B00617432 /* XCRemoteSwiftPackageReference "Charts" */;
			productName = Charts;
		};
/* End XCSwiftPackageProductDependency section */
	};
	rootObject = 82F6D806280ADEE60093C756 /* Project object */;
}
